
Microsoft Visual Studio Solution File, Format Version 12.00
# Visual Studio Version 17
VisualStudioVersion = 17.0.31903.59
MinimumVisualStudioVersion = 10.0.40219.1
Project("{2150E333-8FDC-42A3-9474-1A3956D46DE8}") = "ShopManagement", "ShopManagement", "{A0AA3055-C087-4360-A9A1-C9CDF12FAB31}"
EndProject
Project("{2150E333-8FDC-42A3-9474-1A3956D46DE8}") = "SM.Domain", "SM.Domain", "{320ABD03-F1AA-496F-B103-56A69F35EFEC}"
EndProject
Project("{9A19103F-16F7-4668-BE54-9A1E7A4F7556}") = "ShopManagement.Domain", "ShopManagement.Domain\ShopManagement.Domain.csproj", "{32036098-6F53-40F7-B869-6F8F6D28D2B9}"
EndProject
Project("{9A19103F-16F7-4668-BE54-9A1E7A4F7556}") = "0_Framework", "0_Framework\0_Framework.csproj", "{613B9F3B-66CA-4D71-810F-A7B5162FB529}"
EndProject
Project("{2150E333-8FDC-42A3-9474-1A3956D46DE8}") = "SM.Application", "SM.Application", "{6B46EB9C-66CB-4C17-88F5-42F963B28EC1}"
EndProject
Project("{9A19103F-16F7-4668-BE54-9A1E7A4F7556}") = "ShopManagement.Application.Contracts", "ShopManagement.Application.Contracts\ShopManagement.Application.Contracts.csproj", "{E266E890-63A4-48B7-AB1E-BF3EBC5F82BF}"
EndProject
Project("{9A19103F-16F7-4668-BE54-9A1E7A4F7556}") = "ShopManagement.Application", "ShopManagement.Application\ShopManagement.Application.csproj", "{4D6D135B-FF19-481F-8F70-7D9485D4B03D}"
EndProject
Project("{2150E333-8FDC-42A3-9474-1A3956D46DE8}") = "SM.Infrastructure", "SM.Infrastructure", "{0366DC88-4195-489C-BA51-FAD4ACBBC346}"
EndProject
Project("{9A19103F-16F7-4668-BE54-9A1E7A4F7556}") = "ShopManagement.Infrastructure.EFCore", "ShopManagement.Infrastructure.EFCore\ShopManagement.Infrastructure.EFCore.csproj", "{BE908DC6-178A-4F1F-8C1C-FE5753D2C557}"
EndProject
Project("{9A19103F-16F7-4668-BE54-9A1E7A4F7556}") = "ShopManagement.Configuration", "ShopManagement.Configuration\ShopManagement.Configuration.csproj", "{E84D989A-BB9F-443C-934E-350CAD7E8445}"
EndProject
Project("{9A19103F-16F7-4668-BE54-9A1E7A4F7556}") = "ServiceHost", "ServiceHost\ServiceHost.csproj", "{746BC77A-09D8-47F8-8CDE-E9B48B4DD006}"
EndProject
Project("{9A19103F-16F7-4668-BE54-9A1E7A4F7556}") = "01_LampshadeQuery", "01_LampshadeQuery\01_LampshadeQuery.csproj", "{378028F0-1802-476F-85BC-888211EF406A}"
EndProject
Project("{2150E333-8FDC-42A3-9474-1A3956D46DE8}") = "DiscountManagement", "DiscountManagement", "{469853C1-4749-45FE-849D-D77932D06AB0}"
EndProject
Project("{2150E333-8FDC-42A3-9474-1A3956D46DE8}") = "DM.Domain", "DM.Domain", "{8B82F718-8625-4898-8E21-FC7C80DCC993}"
EndProject
Project("{9A19103F-16F7-4668-BE54-9A1E7A4F7556}") = "DiscountManagement.Domain", "DiscountManagement.Domain\DiscountManagement.Domain.csproj", "{6E89130B-FCFD-4C50-8948-A0776D6D94A7}"
EndProject
Project("{2150E333-8FDC-42A3-9474-1A3956D46DE8}") = "DM.Application", "DM.Application", "{9F658455-4F41-448D-A932-5A44A4D556D6}"
EndProject
Project("{9A19103F-16F7-4668-BE54-9A1E7A4F7556}") = "DiscountManagement.Application.Contracts", "DiscountManagement.Application.Contracts\DiscountManagement.Application.Contracts.csproj", "{8231075C-CAA4-4F4F-B0A1-7DAE7E2A48B3}"
EndProject
Project("{9A19103F-16F7-4668-BE54-9A1E7A4F7556}") = "DiscountManagement.Application", "DiscountManagement.Application\DiscountManagement.Application.csproj", "{6C0E7B84-19D2-45C2-8BBF-1523D5CA8CE1}"
EndProject
Project("{2150E333-8FDC-42A3-9474-1A3956D46DE8}") = "DM.Infrastructure", "DM.Infrastructure", "{F868CE0C-FD1D-46C8-9593-FE69A09698E8}"
EndProject
Project("{9A19103F-16F7-4668-BE54-9A1E7A4F7556}") = "DiscountManagement.Infrastructur.EFCore", "DiscountManagement.Infrastructur.EFCore\DiscountManagement.Infrastructur.EFCore.csproj", "{D58A0817-66DA-4929-BC25-A380FD8B26B0}"
EndProject
Project("{9A19103F-16F7-4668-BE54-9A1E7A4F7556}") = "DiscountManagement.Configuration", "DiscountManagement.Configureation\DiscountManagement.Configuration.csproj", "{7454E2E1-EE27-4959-839A-A3E9C684D552}"
EndProject
Project("{2150E333-8FDC-42A3-9474-1A3956D46DE8}") = "InventoryManagement", "InventoryManagement", "{9471AA49-6684-4F19-9BBE-6601441FAB71}"
EndProject
Project("{2150E333-8FDC-42A3-9474-1A3956D46DE8}") = "IM.Domain", "IM.Domain", "{F27814D6-E1BB-496D-BCD6-29EC8A50151A}"
EndProject
Project("{9A19103F-16F7-4668-BE54-9A1E7A4F7556}") = "InventoryManagement.Domain", "InventoryManagement.Domain\InventoryManagement.Domain.csproj", "{27A42D9E-41A9-4597-A939-A9A82016208A}"
EndProject
Project("{2150E333-8FDC-42A3-9474-1A3956D46DE8}") = "IM.Application", "IM.Application", "{4AA53145-3DCC-4C62-9EAE-898E3406ACAA}"
EndProject
Project("{9A19103F-16F7-4668-BE54-9A1E7A4F7556}") = "InventoryManagement.Application.Contract", "InventoryManagement.Application.Contract\InventoryManagement.Application.Contract.csproj", "{DE237CEF-FC42-4E2A-84C9-35DA7F2354DB}"
EndProject
Project("{2150E333-8FDC-42A3-9474-1A3956D46DE8}") = "IM.Infrastructure", "IM.Infrastructure", "{032C3D77-F323-47E4-B052-7D188180F74A}"
EndProject
Project("{9A19103F-16F7-4668-BE54-9A1E7A4F7556}") = "InventoryManagement.Infrastructure.EFCore", "InventoryManagement.Infrastructure.EFCore\InventoryManagement.Infrastructure.EFCore.csproj", "{8A25A589-BBC2-4F2F-88E6-CAA804F93F9B}"
EndProject
Project("{9A19103F-16F7-4668-BE54-9A1E7A4F7556}") = "InventoryManagement.Infrastructure.Configuration", "InventoryManagement.Infratructure.Configuration\InventoryManagement.Infrastructure.Configuration.csproj", "{2ADABB1B-9A5B-4573-8992-42A8C1404C06}"
EndProject
Project("{9A19103F-16F7-4668-BE54-9A1E7A4F7556}") = "InventoryManagement.Application", "InventoryManagement.Application\InventoryManagement.Application.csproj", "{9DB037DF-A89C-46D2-8422-84E1BCEF5EE5}"
EndProject
Project("{2150E333-8FDC-42A3-9474-1A3956D46DE8}") = "BlogManagement", "BlogManagement", "{5B01919D-D296-48D6-B474-1E8BE86C2CF6}"
EndProject
Project("{2150E333-8FDC-42A3-9474-1A3956D46DE8}") = "BM.Domain", "BM.Domain", "{8536C3A5-7DBC-44F6-BAD5-665CEA91A346}"
EndProject
Project("{9A19103F-16F7-4668-BE54-9A1E7A4F7556}") = "BlogManagement.Domain", "BlogManagement.Domain\BlogManagement.Domain.csproj", "{9553A204-2CA3-4F1C-A9F2-A9369EE34292}"
EndProject
Project("{2150E333-8FDC-42A3-9474-1A3956D46DE8}") = "BM.Application", "BM.Application", "{DB57DC4A-B449-43F7-8292-4B764A15A0DC}"
EndProject
Project("{9A19103F-16F7-4668-BE54-9A1E7A4F7556}") = "BlogManagement.Application.Contracts", "BlogManagement.Application.Contracts\BlogManagement.Application.Contracts.csproj", "{30F84F33-1C9F-4C47-93C7-F7E4A140F76D}"
EndProject
Project("{9A19103F-16F7-4668-BE54-9A1E7A4F7556}") = "BlogManagement.Application", "BlogManagement.Application\BlogManagement.Application.csproj", "{5BAF84A2-8B73-47FE-A072-6E32C95C39A5}"
EndProject
Project("{2150E333-8FDC-42A3-9474-1A3956D46DE8}") = "BM.Infrastructure", "BM.Infrastructure", "{F6158100-D0FC-46B0-9C27-87A1866C0EDD}"
EndProject
Project("{9A19103F-16F7-4668-BE54-9A1E7A4F7556}") = "BlogManagement.Infrastructure.EFCore", "BlogManagement.Infrastructure.EFCore\BlogManagement.Infrastructure.EFCore.csproj", "{EC93A69F-18D8-42F4-B50B-A4EC1D5C220A}"
EndProject
Project("{9A19103F-16F7-4668-BE54-9A1E7A4F7556}") = "BlogManagement.Infrastructure.Configuration", "BlogManagement.Infrastructure.Configuration\BlogManagement.Infrastructure.Configuration.csproj", "{403963FC-0127-4A05-B1EF-26ED0A0E3D47}"
EndProject
Project("{2150E333-8FDC-42A3-9474-1A3956D46DE8}") = "CommentManagement", "CommentManagement", "{9F3C4FF9-4293-4827-8BDC-4DBF82E5156F}"
EndProject
Project("{2150E333-8FDC-42A3-9474-1A3956D46DE8}") = "CM.Domain", "CM.Domain", "{47FE8C87-3B05-4BE3-AF52-4D12F9A95A5A}"
EndProject
Project("{9A19103F-16F7-4668-BE54-9A1E7A4F7556}") = "CommentManagement.Domain", "CommentManagement.Domain\CommentManagement.Domain.csproj", "{66901CC3-D30F-4765-A43D-E4A547B22923}"
EndProject
Project("{2150E333-8FDC-42A3-9474-1A3956D46DE8}") = "CM.Application", "CM.Application", "{EC7D6169-A880-4AC4-A142-64A28E718C1C}"
EndProject
Project("{9A19103F-16F7-4668-BE54-9A1E7A4F7556}") = "CommentManagement.Application.Contracts", "CommentManagement.Application.Contracts\CommentManagement.Application.Contracts.csproj", "{1D17B6EA-6FEE-4DDA-A1F7-CCB6924C4B41}"
EndProject
Project("{9A19103F-16F7-4668-BE54-9A1E7A4F7556}") = "CommentManagement.Application", "CommentManagement.Application\CommentManagement.Application.csproj", "{F5FEC37E-BB36-4E82-B38B-F2D5625F004D}"
EndProject
Project("{2150E333-8FDC-42A3-9474-1A3956D46DE8}") = "CM.Infrastructure", "CM.Infrastructure", "{E95625AA-57ED-4B00-952B-8CA7D1426039}"
EndProject
Project("{9A19103F-16F7-4668-BE54-9A1E7A4F7556}") = "CommentManagement.Infrastructure.EFCore", "CommentManagement.Infrastructure.EFCore\CommentManagement.Infrastructure.EFCore.csproj", "{63490188-504F-4820-90E4-46347379A8E2}"
EndProject
Project("{9A19103F-16F7-4668-BE54-9A1E7A4F7556}") = "CommentManagement.Infrastructure.Configuration", "CommentManagement.Configuration\CommentManagement.Infrastructure.Configuration.csproj", "{11B2369A-A0CB-42BD-8389-B445C6176678}"
EndProject
Project("{2150E333-8FDC-42A3-9474-1A3956D46DE8}") = "AccountManagement", "AccountManagement", "{F446BDA3-6AE1-449F-BAC7-5AA34627EE5E}"
EndProject
Project("{2150E333-8FDC-42A3-9474-1A3956D46DE8}") = "AM.Domain", "AM.Domain", "{6D6E8B99-E6AD-4F67-AD87-FE9F2C200704}"
EndProject
Project("{9A19103F-16F7-4668-BE54-9A1E7A4F7556}") = "AccountManagement.Domain", "AccountManagement.Domain\AccountManagement.Domain.csproj", "{9BFCE06B-A248-43CD-B79D-3AC87A74D26D}"
EndProject
Project("{2150E333-8FDC-42A3-9474-1A3956D46DE8}") = "AM.Application", "AM.Application", "{C6AD2AA6-4BE3-43AF-B9EE-81121D0176DD}"
EndProject
Project("{9A19103F-16F7-4668-BE54-9A1E7A4F7556}") = "AccountManagement.Application.Contracts", "AccountManagementApplication.Contracts\AccountManagement.Application.Contracts.csproj", "{293B49B4-B339-4B3E-B19C-E530D45A2EAF}"
EndProject
Project("{2150E333-8FDC-42A3-9474-1A3956D46DE8}") = "AM.Infrastructure", "AM.Infrastructure", "{98AA4106-E3FE-4C4F-ACD3-45F79D059FB6}"
EndProject
Project("{9A19103F-16F7-4668-BE54-9A1E7A4F7556}") = "AccountManagement.Infrastructure.EFCore", "AccountManagement.Infrastructure.EFCore\AccountManagement.Infrastructure.EFCore.csproj", "{5313220A-B82D-4A8C-945B-ED26AABD648B}"
EndProject
Project("{9A19103F-16F7-4668-BE54-9A1E7A4F7556}") = "AccountManagement.Application", "AccountManagement.Application\AccountManagement.Application.csproj", "{F56C35A8-4A45-427F-955A-4D96556997B3}"
EndProject
Project("{9A19103F-16F7-4668-BE54-9A1E7A4F7556}") = "AccountManagement.Configuration", "AccountManagement.Configuration\AccountManagement.Configuration.csproj", "{57AF278D-74F3-4DFE-9E97-6762F61A897D}"
EndProject
Project("{9A19103F-16F7-4668-BE54-9A1E7A4F7556}") = "ShopManagement.Infrastructure.InventoryAcl", "ShopManagement.Infrastructure.InventoryAcl\ShopManagement.Infrastructure.InventoryAcl.csproj", "{AB285706-1BEC-47B1-89D8-5ED2D5EC0B95}"
EndProject
Project("{2150E333-8FDC-42A3-9474-1A3956D46DE8}") = "SM.Presentation", "SM.Presentation", "{B4AC4C0F-593F-4866-8B80-0DF1D73C2891}"
EndProject
Project("{9A19103F-16F7-4668-BE54-9A1E7A4F7556}") = "ShopManagement.Presentation.Api", "ShopManagement.Presentation.Api\ShopManagement.Presentation.Api.csproj", "{005CDA4C-0886-4172-BE6E-971A0810B2DA}"
EndProject
Project("{2150E333-8FDC-42A3-9474-1A3956D46DE8}") = "IM.Presentation", "IM.Presentation", "{532037A3-AC05-4AA3-9A3F-1883962DF9EA}"
EndProject
Project("{9A19103F-16F7-4668-BE54-9A1E7A4F7556}") = "InventoryManagement.Presentation.Api", "InventoryManagement.Presentation.Api\InventoryManagement.Presentation.Api.csproj", "{230B8708-3D08-4E83-89EE-36D6E1DA1B02}"
EndProject
Project("{2150E333-8FDC-42A3-9474-1A3956D46DE8}") = "BM.Presentation", "BM.Presentation", "{124B266D-A5B5-48DE-B13D-2A6F3F4E9E48}"
EndProject
Project("{9A19103F-16F7-4668-BE54-9A1E7A4F7556}") = "BlogManagement.Presentation.Api", "..\..\..\فیلم اموزش پروژه فروشگاه\38.سورس و قالب های فروشگاه\Code\Lampshade\BlogManagement.Presentation.Api\BlogManagement.Presentation.Api.csproj", "{B7C14ECC-D19E-4AF7-B7BE-B60901B54076}"
EndProject
Project("{9A19103F-16F7-4668-BE54-9A1E7A4F7556}") = "ShopManagement.Infrastructure.AccountAcl", "ShopManagement.Infrastructure.AccountAcl\ShopManagement.Infrastructure.AccountAcl.csproj", "{A7F73B73-1670-4CC6-93DA-F7AFF200780D}"
EndProject
Global
	GlobalSection(SolutionConfigurationPlatforms) = preSolution
		Debug|Any CPU = Debug|Any CPU
		Release|Any CPU = Release|Any CPU
	EndGlobalSection
	GlobalSection(ProjectConfigurationPlatforms) = postSolution
		{32036098-6F53-40F7-B869-6F8F6D28D2B9}.Debug|Any CPU.ActiveCfg = Debug|Any CPU
		{32036098-6F53-40F7-B869-6F8F6D28D2B9}.Debug|Any CPU.Build.0 = Debug|Any CPU
		{32036098-6F53-40F7-B869-6F8F6D28D2B9}.Release|Any CPU.ActiveCfg = Release|Any CPU
		{32036098-6F53-40F7-B869-6F8F6D28D2B9}.Release|Any CPU.Build.0 = Release|Any CPU
		{613B9F3B-66CA-4D71-810F-A7B5162FB529}.Debug|Any CPU.ActiveCfg = Debug|Any CPU
		{613B9F3B-66CA-4D71-810F-A7B5162FB529}.Debug|Any CPU.Build.0 = Debug|Any CPU
		{613B9F3B-66CA-4D71-810F-A7B5162FB529}.Release|Any CPU.ActiveCfg = Release|Any CPU
		{613B9F3B-66CA-4D71-810F-A7B5162FB529}.Release|Any CPU.Build.0 = Release|Any CPU
		{E266E890-63A4-48B7-AB1E-BF3EBC5F82BF}.Debug|Any CPU.ActiveCfg = Debug|Any CPU
		{E266E890-63A4-48B7-AB1E-BF3EBC5F82BF}.Debug|Any CPU.Build.0 = Debug|Any CPU
		{E266E890-63A4-48B7-AB1E-BF3EBC5F82BF}.Release|Any CPU.ActiveCfg = Release|Any CPU
		{E266E890-63A4-48B7-AB1E-BF3EBC5F82BF}.Release|Any CPU.Build.0 = Release|Any CPU
		{4D6D135B-FF19-481F-8F70-7D9485D4B03D}.Debug|Any CPU.ActiveCfg = Debug|Any CPU
		{4D6D135B-FF19-481F-8F70-7D9485D4B03D}.Debug|Any CPU.Build.0 = Debug|Any CPU
		{4D6D135B-FF19-481F-8F70-7D9485D4B03D}.Release|Any CPU.ActiveCfg = Release|Any CPU
		{4D6D135B-FF19-481F-8F70-7D9485D4B03D}.Release|Any CPU.Build.0 = Release|Any CPU
		{BE908DC6-178A-4F1F-8C1C-FE5753D2C557}.Debug|Any CPU.ActiveCfg = Debug|Any CPU
		{BE908DC6-178A-4F1F-8C1C-FE5753D2C557}.Debug|Any CPU.Build.0 = Debug|Any CPU
		{BE908DC6-178A-4F1F-8C1C-FE5753D2C557}.Release|Any CPU.ActiveCfg = Release|Any CPU
		{BE908DC6-178A-4F1F-8C1C-FE5753D2C557}.Release|Any CPU.Build.0 = Release|Any CPU
		{E84D989A-BB9F-443C-934E-350CAD7E8445}.Debug|Any CPU.ActiveCfg = Debug|Any CPU
		{E84D989A-BB9F-443C-934E-350CAD7E8445}.Debug|Any CPU.Build.0 = Debug|Any CPU
		{E84D989A-BB9F-443C-934E-350CAD7E8445}.Release|Any CPU.ActiveCfg = Release|Any CPU
		{E84D989A-BB9F-443C-934E-350CAD7E8445}.Release|Any CPU.Build.0 = Release|Any CPU
		{746BC77A-09D8-47F8-8CDE-E9B48B4DD006}.Debug|Any CPU.ActiveCfg = Debug|Any CPU
		{746BC77A-09D8-47F8-8CDE-E9B48B4DD006}.Debug|Any CPU.Build.0 = Debug|Any CPU
		{746BC77A-09D8-47F8-8CDE-E9B48B4DD006}.Release|Any CPU.ActiveCfg = Release|Any CPU
		{746BC77A-09D8-47F8-8CDE-E9B48B4DD006}.Release|Any CPU.Build.0 = Release|Any CPU
		{378028F0-1802-476F-85BC-888211EF406A}.Debug|Any CPU.ActiveCfg = Debug|Any CPU
		{378028F0-1802-476F-85BC-888211EF406A}.Debug|Any CPU.Build.0 = Debug|Any CPU
		{378028F0-1802-476F-85BC-888211EF406A}.Release|Any CPU.ActiveCfg = Release|Any CPU
		{378028F0-1802-476F-85BC-888211EF406A}.Release|Any CPU.Build.0 = Release|Any CPU
		{6E89130B-FCFD-4C50-8948-A0776D6D94A7}.Debug|Any CPU.ActiveCfg = Debug|Any CPU
		{6E89130B-FCFD-4C50-8948-A0776D6D94A7}.Debug|Any CPU.Build.0 = Debug|Any CPU
		{6E89130B-FCFD-4C50-8948-A0776D6D94A7}.Release|Any CPU.ActiveCfg = Release|Any CPU
		{6E89130B-FCFD-4C50-8948-A0776D6D94A7}.Release|Any CPU.Build.0 = Release|Any CPU
		{8231075C-CAA4-4F4F-B0A1-7DAE7E2A48B3}.Debug|Any CPU.ActiveCfg = Debug|Any CPU
		{8231075C-CAA4-4F4F-B0A1-7DAE7E2A48B3}.Debug|Any CPU.Build.0 = Debug|Any CPU
		{8231075C-CAA4-4F4F-B0A1-7DAE7E2A48B3}.Release|Any CPU.ActiveCfg = Release|Any CPU
		{8231075C-CAA4-4F4F-B0A1-7DAE7E2A48B3}.Release|Any CPU.Build.0 = Release|Any CPU
		{6C0E7B84-19D2-45C2-8BBF-1523D5CA8CE1}.Debug|Any CPU.ActiveCfg = Debug|Any CPU
		{6C0E7B84-19D2-45C2-8BBF-1523D5CA8CE1}.Debug|Any CPU.Build.0 = Debug|Any CPU
		{6C0E7B84-19D2-45C2-8BBF-1523D5CA8CE1}.Release|Any CPU.ActiveCfg = Release|Any CPU
		{6C0E7B84-19D2-45C2-8BBF-1523D5CA8CE1}.Release|Any CPU.Build.0 = Release|Any CPU
		{D58A0817-66DA-4929-BC25-A380FD8B26B0}.Debug|Any CPU.ActiveCfg = Debug|Any CPU
		{D58A0817-66DA-4929-BC25-A380FD8B26B0}.Debug|Any CPU.Build.0 = Debug|Any CPU
		{D58A0817-66DA-4929-BC25-A380FD8B26B0}.Release|Any CPU.ActiveCfg = Release|Any CPU
		{D58A0817-66DA-4929-BC25-A380FD8B26B0}.Release|Any CPU.Build.0 = Release|Any CPU
		{7454E2E1-EE27-4959-839A-A3E9C684D552}.Debug|Any CPU.ActiveCfg = Debug|Any CPU
		{7454E2E1-EE27-4959-839A-A3E9C684D552}.Debug|Any CPU.Build.0 = Debug|Any CPU
		{7454E2E1-EE27-4959-839A-A3E9C684D552}.Release|Any CPU.ActiveCfg = Release|Any CPU
		{7454E2E1-EE27-4959-839A-A3E9C684D552}.Release|Any CPU.Build.0 = Release|Any CPU
		{27A42D9E-41A9-4597-A939-A9A82016208A}.Debug|Any CPU.ActiveCfg = Debug|Any CPU
		{27A42D9E-41A9-4597-A939-A9A82016208A}.Debug|Any CPU.Build.0 = Debug|Any CPU
		{27A42D9E-41A9-4597-A939-A9A82016208A}.Release|Any CPU.ActiveCfg = Release|Any CPU
		{27A42D9E-41A9-4597-A939-A9A82016208A}.Release|Any CPU.Build.0 = Release|Any CPU
		{DE237CEF-FC42-4E2A-84C9-35DA7F2354DB}.Debug|Any CPU.ActiveCfg = Debug|Any CPU
		{DE237CEF-FC42-4E2A-84C9-35DA7F2354DB}.Debug|Any CPU.Build.0 = Debug|Any CPU
		{DE237CEF-FC42-4E2A-84C9-35DA7F2354DB}.Release|Any CPU.ActiveCfg = Release|Any CPU
		{DE237CEF-FC42-4E2A-84C9-35DA7F2354DB}.Release|Any CPU.Build.0 = Release|Any CPU
		{8A25A589-BBC2-4F2F-88E6-CAA804F93F9B}.Debug|Any CPU.ActiveCfg = Debug|Any CPU
		{8A25A589-BBC2-4F2F-88E6-CAA804F93F9B}.Debug|Any CPU.Build.0 = Debug|Any CPU
		{8A25A589-BBC2-4F2F-88E6-CAA804F93F9B}.Release|Any CPU.ActiveCfg = Release|Any CPU
		{8A25A589-BBC2-4F2F-88E6-CAA804F93F9B}.Release|Any CPU.Build.0 = Release|Any CPU
		{2ADABB1B-9A5B-4573-8992-42A8C1404C06}.Debug|Any CPU.ActiveCfg = Debug|Any CPU
		{2ADABB1B-9A5B-4573-8992-42A8C1404C06}.Debug|Any CPU.Build.0 = Debug|Any CPU
		{2ADABB1B-9A5B-4573-8992-42A8C1404C06}.Release|Any CPU.ActiveCfg = Release|Any CPU
		{2ADABB1B-9A5B-4573-8992-42A8C1404C06}.Release|Any CPU.Build.0 = Release|Any CPU
		{9DB037DF-A89C-46D2-8422-84E1BCEF5EE5}.Debug|Any CPU.ActiveCfg = Debug|Any CPU
		{9DB037DF-A89C-46D2-8422-84E1BCEF5EE5}.Debug|Any CPU.Build.0 = Debug|Any CPU
		{9DB037DF-A89C-46D2-8422-84E1BCEF5EE5}.Release|Any CPU.ActiveCfg = Release|Any CPU
		{9DB037DF-A89C-46D2-8422-84E1BCEF5EE5}.Release|Any CPU.Build.0 = Release|Any CPU
		{9553A204-2CA3-4F1C-A9F2-A9369EE34292}.Debug|Any CPU.ActiveCfg = Debug|Any CPU
		{9553A204-2CA3-4F1C-A9F2-A9369EE34292}.Debug|Any CPU.Build.0 = Debug|Any CPU
		{9553A204-2CA3-4F1C-A9F2-A9369EE34292}.Release|Any CPU.ActiveCfg = Release|Any CPU
		{9553A204-2CA3-4F1C-A9F2-A9369EE34292}.Release|Any CPU.Build.0 = Release|Any CPU
		{30F84F33-1C9F-4C47-93C7-F7E4A140F76D}.Debug|Any CPU.ActiveCfg = Debug|Any CPU
		{30F84F33-1C9F-4C47-93C7-F7E4A140F76D}.Debug|Any CPU.Build.0 = Debug|Any CPU
		{30F84F33-1C9F-4C47-93C7-F7E4A140F76D}.Release|Any CPU.ActiveCfg = Release|Any CPU
		{30F84F33-1C9F-4C47-93C7-F7E4A140F76D}.Release|Any CPU.Build.0 = Release|Any CPU
		{5BAF84A2-8B73-47FE-A072-6E32C95C39A5}.Debug|Any CPU.ActiveCfg = Debug|Any CPU
		{5BAF84A2-8B73-47FE-A072-6E32C95C39A5}.Debug|Any CPU.Build.0 = Debug|Any CPU
		{5BAF84A2-8B73-47FE-A072-6E32C95C39A5}.Release|Any CPU.ActiveCfg = Release|Any CPU
		{5BAF84A2-8B73-47FE-A072-6E32C95C39A5}.Release|Any CPU.Build.0 = Release|Any CPU
		{EC93A69F-18D8-42F4-B50B-A4EC1D5C220A}.Debug|Any CPU.ActiveCfg = Debug|Any CPU
		{EC93A69F-18D8-42F4-B50B-A4EC1D5C220A}.Debug|Any CPU.Build.0 = Debug|Any CPU
		{EC93A69F-18D8-42F4-B50B-A4EC1D5C220A}.Release|Any CPU.ActiveCfg = Release|Any CPU
		{EC93A69F-18D8-42F4-B50B-A4EC1D5C220A}.Release|Any CPU.Build.0 = Release|Any CPU
		{403963FC-0127-4A05-B1EF-26ED0A0E3D47}.Debug|Any CPU.ActiveCfg = Debug|Any CPU
		{403963FC-0127-4A05-B1EF-26ED0A0E3D47}.Debug|Any CPU.Build.0 = Debug|Any CPU
		{403963FC-0127-4A05-B1EF-26ED0A0E3D47}.Release|Any CPU.ActiveCfg = Release|Any CPU
		{403963FC-0127-4A05-B1EF-26ED0A0E3D47}.Release|Any CPU.Build.0 = Release|Any CPU
		{66901CC3-D30F-4765-A43D-E4A547B22923}.Debug|Any CPU.ActiveCfg = Debug|Any CPU
		{66901CC3-D30F-4765-A43D-E4A547B22923}.Debug|Any CPU.Build.0 = Debug|Any CPU
		{66901CC3-D30F-4765-A43D-E4A547B22923}.Release|Any CPU.ActiveCfg = Release|Any CPU
		{66901CC3-D30F-4765-A43D-E4A547B22923}.Release|Any CPU.Build.0 = Release|Any CPU
		{1D17B6EA-6FEE-4DDA-A1F7-CCB6924C4B41}.Debug|Any CPU.ActiveCfg = Debug|Any CPU
		{1D17B6EA-6FEE-4DDA-A1F7-CCB6924C4B41}.Debug|Any CPU.Build.0 = Debug|Any CPU
		{1D17B6EA-6FEE-4DDA-A1F7-CCB6924C4B41}.Release|Any CPU.ActiveCfg = Release|Any CPU
		{1D17B6EA-6FEE-4DDA-A1F7-CCB6924C4B41}.Release|Any CPU.Build.0 = Release|Any CPU
		{F5FEC37E-BB36-4E82-B38B-F2D5625F004D}.Debug|Any CPU.ActiveCfg = Debug|Any CPU
		{F5FEC37E-BB36-4E82-B38B-F2D5625F004D}.Debug|Any CPU.Build.0 = Debug|Any CPU
		{F5FEC37E-BB36-4E82-B38B-F2D5625F004D}.Release|Any CPU.ActiveCfg = Release|Any CPU
		{F5FEC37E-BB36-4E82-B38B-F2D5625F004D}.Release|Any CPU.Build.0 = Release|Any CPU
		{63490188-504F-4820-90E4-46347379A8E2}.Debug|Any CPU.ActiveCfg = Debug|Any CPU
		{63490188-504F-4820-90E4-46347379A8E2}.Debug|Any CPU.Build.0 = Debug|Any CPU
		{63490188-504F-4820-90E4-46347379A8E2}.Release|Any CPU.ActiveCfg = Release|Any CPU
		{63490188-504F-4820-90E4-46347379A8E2}.Release|Any CPU.Build.0 = Release|Any CPU
		{11B2369A-A0CB-42BD-8389-B445C6176678}.Debug|Any CPU.ActiveCfg = Debug|Any CPU
		{11B2369A-A0CB-42BD-8389-B445C6176678}.Debug|Any CPU.Build.0 = Debug|Any CPU
		{11B2369A-A0CB-42BD-8389-B445C6176678}.Release|Any CPU.ActiveCfg = Release|Any CPU
		{11B2369A-A0CB-42BD-8389-B445C6176678}.Release|Any CPU.Build.0 = Release|Any CPU
		{9BFCE06B-A248-43CD-B79D-3AC87A74D26D}.Debug|Any CPU.ActiveCfg = Debug|Any CPU
		{9BFCE06B-A248-43CD-B79D-3AC87A74D26D}.Debug|Any CPU.Build.0 = Debug|Any CPU
		{9BFCE06B-A248-43CD-B79D-3AC87A74D26D}.Release|Any CPU.ActiveCfg = Release|Any CPU
		{9BFCE06B-A248-43CD-B79D-3AC87A74D26D}.Release|Any CPU.Build.0 = Release|Any CPU
		{293B49B4-B339-4B3E-B19C-E530D45A2EAF}.Debug|Any CPU.ActiveCfg = Debug|Any CPU
		{293B49B4-B339-4B3E-B19C-E530D45A2EAF}.Debug|Any CPU.Build.0 = Debug|Any CPU
		{293B49B4-B339-4B3E-B19C-E530D45A2EAF}.Release|Any CPU.ActiveCfg = Release|Any CPU
		{293B49B4-B339-4B3E-B19C-E530D45A2EAF}.Release|Any CPU.Build.0 = Release|Any CPU
		{5313220A-B82D-4A8C-945B-ED26AABD648B}.Debug|Any CPU.ActiveCfg = Debug|Any CPU
		{5313220A-B82D-4A8C-945B-ED26AABD648B}.Debug|Any CPU.Build.0 = Debug|Any CPU
		{5313220A-B82D-4A8C-945B-ED26AABD648B}.Release|Any CPU.ActiveCfg = Release|Any CPU
		{5313220A-B82D-4A8C-945B-ED26AABD648B}.Release|Any CPU.Build.0 = Release|Any CPU
		{F56C35A8-4A45-427F-955A-4D96556997B3}.Debug|Any CPU.ActiveCfg = Debug|Any CPU
		{F56C35A8-4A45-427F-955A-4D96556997B3}.Debug|Any CPU.Build.0 = Debug|Any CPU
		{F56C35A8-4A45-427F-955A-4D96556997B3}.Release|Any CPU.ActiveCfg = Release|Any CPU
		{F56C35A8-4A45-427F-955A-4D96556997B3}.Release|Any CPU.Build.0 = Release|Any CPU
		{57AF278D-74F3-4DFE-9E97-6762F61A897D}.Debug|Any CPU.ActiveCfg = Debug|Any CPU
		{57AF278D-74F3-4DFE-9E97-6762F61A897D}.Debug|Any CPU.Build.0 = Debug|Any CPU
		{57AF278D-74F3-4DFE-9E97-6762F61A897D}.Release|Any CPU.ActiveCfg = Release|Any CPU
		{57AF278D-74F3-4DFE-9E97-6762F61A897D}.Release|Any CPU.Build.0 = Release|Any CPU
		{AB285706-1BEC-47B1-89D8-5ED2D5EC0B95}.Debug|Any CPU.ActiveCfg = Debug|Any CPU
		{AB285706-1BEC-47B1-89D8-5ED2D5EC0B95}.Debug|Any CPU.Build.0 = Debug|Any CPU
		{AB285706-1BEC-47B1-89D8-5ED2D5EC0B95}.Release|Any CPU.ActiveCfg = Release|Any CPU
		{AB285706-1BEC-47B1-89D8-5ED2D5EC0B95}.Release|Any CPU.Build.0 = Release|Any CPU
		{005CDA4C-0886-4172-BE6E-971A0810B2DA}.Debug|Any CPU.ActiveCfg = Debug|Any CPU
		{005CDA4C-0886-4172-BE6E-971A0810B2DA}.Debug|Any CPU.Build.0 = Debug|Any CPU
		{005CDA4C-0886-4172-BE6E-971A0810B2DA}.Release|Any CPU.ActiveCfg = Release|Any CPU
		{005CDA4C-0886-4172-BE6E-971A0810B2DA}.Release|Any CPU.Build.0 = Release|Any CPU
		{230B8708-3D08-4E83-89EE-36D6E1DA1B02}.Debug|Any CPU.ActiveCfg = Debug|Any CPU
		{230B8708-3D08-4E83-89EE-36D6E1DA1B02}.Debug|Any CPU.Build.0 = Debug|Any CPU
		{230B8708-3D08-4E83-89EE-36D6E1DA1B02}.Release|Any CPU.ActiveCfg = Release|Any CPU
		{230B8708-3D08-4E83-89EE-36D6E1DA1B02}.Release|Any CPU.Build.0 = Release|Any CPU
		{B7C14ECC-D19E-4AF7-B7BE-B60901B54076}.Debug|Any CPU.ActiveCfg = Debug|Any CPU
		{B7C14ECC-D19E-4AF7-B7BE-B60901B54076}.Debug|Any CPU.Build.0 = Debug|Any CPU
		{B7C14ECC-D19E-4AF7-B7BE-B60901B54076}.Release|Any CPU.ActiveCfg = Release|Any CPU
		{B7C14ECC-D19E-4AF7-B7BE-B60901B54076}.Release|Any CPU.Build.0 = Release|Any CPU
		{A7F73B73-1670-4CC6-93DA-F7AFF200780D}.Debug|Any CPU.ActiveCfg = Debug|Any CPU
		{A7F73B73-1670-4CC6-93DA-F7AFF200780D}.Debug|Any CPU.Build.0 = Debug|Any CPU
		{A7F73B73-1670-4CC6-93DA-F7AFF200780D}.Release|Any CPU.ActiveCfg = Release|Any CPU
		{A7F73B73-1670-4CC6-93DA-F7AFF200780D}.Release|Any CPU.Build.0 = Release|Any CPU
	EndGlobalSection
	GlobalSection(SolutionProperties) = preSolution
		HideSolutionNode = FALSE
	EndGlobalSection
	GlobalSection(NestedProjects) = preSolution
		{320ABD03-F1AA-496F-B103-56A69F35EFEC} = {A0AA3055-C087-4360-A9A1-C9CDF12FAB31}
		{32036098-6F53-40F7-B869-6F8F6D28D2B9} = {320ABD03-F1AA-496F-B103-56A69F35EFEC}
		{6B46EB9C-66CB-4C17-88F5-42F963B28EC1} = {A0AA3055-C087-4360-A9A1-C9CDF12FAB31}
		{E266E890-63A4-48B7-AB1E-BF3EBC5F82BF} = {6B46EB9C-66CB-4C17-88F5-42F963B28EC1}
		{4D6D135B-FF19-481F-8F70-7D9485D4B03D} = {6B46EB9C-66CB-4C17-88F5-42F963B28EC1}
		{0366DC88-4195-489C-BA51-FAD4ACBBC346} = {A0AA3055-C087-4360-A9A1-C9CDF12FAB31}
		{BE908DC6-178A-4F1F-8C1C-FE5753D2C557} = {0366DC88-4195-489C-BA51-FAD4ACBBC346}
		{E84D989A-BB9F-443C-934E-350CAD7E8445} = {0366DC88-4195-489C-BA51-FAD4ACBBC346}
		{8B82F718-8625-4898-8E21-FC7C80DCC993} = {469853C1-4749-45FE-849D-D77932D06AB0}
		{6E89130B-FCFD-4C50-8948-A0776D6D94A7} = {8B82F718-8625-4898-8E21-FC7C80DCC993}
		{9F658455-4F41-448D-A932-5A44A4D556D6} = {469853C1-4749-45FE-849D-D77932D06AB0}
		{8231075C-CAA4-4F4F-B0A1-7DAE7E2A48B3} = {9F658455-4F41-448D-A932-5A44A4D556D6}
		{6C0E7B84-19D2-45C2-8BBF-1523D5CA8CE1} = {9F658455-4F41-448D-A932-5A44A4D556D6}
		{F868CE0C-FD1D-46C8-9593-FE69A09698E8} = {469853C1-4749-45FE-849D-D77932D06AB0}
		{D58A0817-66DA-4929-BC25-A380FD8B26B0} = {F868CE0C-FD1D-46C8-9593-FE69A09698E8}
		{7454E2E1-EE27-4959-839A-A3E9C684D552} = {F868CE0C-FD1D-46C8-9593-FE69A09698E8}
		{F27814D6-E1BB-496D-BCD6-29EC8A50151A} = {9471AA49-6684-4F19-9BBE-6601441FAB71}
		{27A42D9E-41A9-4597-A939-A9A82016208A} = {F27814D6-E1BB-496D-BCD6-29EC8A50151A}
		{4AA53145-3DCC-4C62-9EAE-898E3406ACAA} = {9471AA49-6684-4F19-9BBE-6601441FAB71}
		{DE237CEF-FC42-4E2A-84C9-35DA7F2354DB} = {4AA53145-3DCC-4C62-9EAE-898E3406ACAA}
		{032C3D77-F323-47E4-B052-7D188180F74A} = {9471AA49-6684-4F19-9BBE-6601441FAB71}
		{8A25A589-BBC2-4F2F-88E6-CAA804F93F9B} = {032C3D77-F323-47E4-B052-7D188180F74A}
		{2ADABB1B-9A5B-4573-8992-42A8C1404C06} = {032C3D77-F323-47E4-B052-7D188180F74A}
		{9DB037DF-A89C-46D2-8422-84E1BCEF5EE5} = {4AA53145-3DCC-4C62-9EAE-898E3406ACAA}
		{8536C3A5-7DBC-44F6-BAD5-665CEA91A346} = {5B01919D-D296-48D6-B474-1E8BE86C2CF6}
		{9553A204-2CA3-4F1C-A9F2-A9369EE34292} = {8536C3A5-7DBC-44F6-BAD5-665CEA91A346}
		{DB57DC4A-B449-43F7-8292-4B764A15A0DC} = {5B01919D-D296-48D6-B474-1E8BE86C2CF6}
		{30F84F33-1C9F-4C47-93C7-F7E4A140F76D} = {DB57DC4A-B449-43F7-8292-4B764A15A0DC}
		{5BAF84A2-8B73-47FE-A072-6E32C95C39A5} = {DB57DC4A-B449-43F7-8292-4B764A15A0DC}
		{F6158100-D0FC-46B0-9C27-87A1866C0EDD} = {5B01919D-D296-48D6-B474-1E8BE86C2CF6}
		{EC93A69F-18D8-42F4-B50B-A4EC1D5C220A} = {F6158100-D0FC-46B0-9C27-87A1866C0EDD}
		{403963FC-0127-4A05-B1EF-26ED0A0E3D47} = {F6158100-D0FC-46B0-9C27-87A1866C0EDD}
		{47FE8C87-3B05-4BE3-AF52-4D12F9A95A5A} = {9F3C4FF9-4293-4827-8BDC-4DBF82E5156F}
		{66901CC3-D30F-4765-A43D-E4A547B22923} = {47FE8C87-3B05-4BE3-AF52-4D12F9A95A5A}
		{EC7D6169-A880-4AC4-A142-64A28E718C1C} = {9F3C4FF9-4293-4827-8BDC-4DBF82E5156F}
		{1D17B6EA-6FEE-4DDA-A1F7-CCB6924C4B41} = {EC7D6169-A880-4AC4-A142-64A28E718C1C}
		{F5FEC37E-BB36-4E82-B38B-F2D5625F004D} = {EC7D6169-A880-4AC4-A142-64A28E718C1C}
		{E95625AA-57ED-4B00-952B-8CA7D1426039} = {9F3C4FF9-4293-4827-8BDC-4DBF82E5156F}
		{63490188-504F-4820-90E4-46347379A8E2} = {E95625AA-57ED-4B00-952B-8CA7D1426039}
		{11B2369A-A0CB-42BD-8389-B445C6176678} = {E95625AA-57ED-4B00-952B-8CA7D1426039}
		{6D6E8B99-E6AD-4F67-AD87-FE9F2C200704} = {F446BDA3-6AE1-449F-BAC7-5AA34627EE5E}
		{9BFCE06B-A248-43CD-B79D-3AC87A74D26D} = {6D6E8B99-E6AD-4F67-AD87-FE9F2C200704}
		{C6AD2AA6-4BE3-43AF-B9EE-81121D0176DD} = {F446BDA3-6AE1-449F-BAC7-5AA34627EE5E}
		{293B49B4-B339-4B3E-B19C-E530D45A2EAF} = {C6AD2AA6-4BE3-43AF-B9EE-81121D0176DD}
		{98AA4106-E3FE-4C4F-ACD3-45F79D059FB6} = {F446BDA3-6AE1-449F-BAC7-5AA34627EE5E}
		{5313220A-B82D-4A8C-945B-ED26AABD648B} = {98AA4106-E3FE-4C4F-ACD3-45F79D059FB6}
		{F56C35A8-4A45-427F-955A-4D96556997B3} = {C6AD2AA6-4BE3-43AF-B9EE-81121D0176DD}
		{57AF278D-74F3-4DFE-9E97-6762F61A897D} = {98AA4106-E3FE-4C4F-ACD3-45F79D059FB6}
		{AB285706-1BEC-47B1-89D8-5ED2D5EC0B95} = {0366DC88-4195-489C-BA51-FAD4ACBBC346}
		{B4AC4C0F-593F-4866-8B80-0DF1D73C2891} = {A0AA3055-C087-4360-A9A1-C9CDF12FAB31}
		{005CDA4C-0886-4172-BE6E-971A0810B2DA} = {B4AC4C0F-593F-4866-8B80-0DF1D73C2891}
		{532037A3-AC05-4AA3-9A3F-1883962DF9EA} = {9471AA49-6684-4F19-9BBE-6601441FAB71}
		{230B8708-3D08-4E83-89EE-36D6E1DA1B02} = {532037A3-AC05-4AA3-9A3F-1883962DF9EA}
		{124B266D-A5B5-48DE-B13D-2A6F3F4E9E48} = {5B01919D-D296-48D6-B474-1E8BE86C2CF6}
		{B7C14ECC-D19E-4AF7-B7BE-B60901B54076} = {124B266D-A5B5-48DE-B13D-2A6F3F4E9E48}
		{A7F73B73-1670-4CC6-93DA-F7AFF200780D} = {0366DC88-4195-489C-BA51-FAD4ACBBC346}
	EndGlobalSection
	GlobalSection(ExtensibilityGlobals) = postSolution
		SolutionGuid = {20204333-2852-4160-81E0-2B3B91A82293}
	EndGlobalSection
EndGlobal
